// !$*UTF8*$!
{
	archiveVersion = 1;
	classes = {
	};
	objectVersion = 55;
	objects = {

/* Begin PBXBuildFile section */
		6312AB552758E44400B80C16 /* User.swift in Sources */ = {isa = PBXBuildFile; fileRef = 6312AB542758E44400B80C16 /* User.swift */; };
		6312AB572758E4EF00B80C16 /* NetworkUtility.swift in Sources */ = {isa = PBXBuildFile; fileRef = 6312AB562758E4EF00B80C16 /* NetworkUtility.swift */; };
		6312AB5A2758E9F000B80C16 /* NetworkModels.swift in Sources */ = {isa = PBXBuildFile; fileRef = 6312AB592758E9F000B80C16 /* NetworkModels.swift */; };
		6312AB5C27590BDC00B80C16 /* NetworkParser.swift in Sources */ = {isa = PBXBuildFile; fileRef = 6312AB5B27590BDC00B80C16 /* NetworkParser.swift */; };
		6312AB792759353800B80C16 /* Constants.swift in Sources */ = {isa = PBXBuildFile; fileRef = 6312AB782759353800B80C16 /* Constants.swift */; };
		634651B0275E196B0001D7BB /* ProfileController.swift in Sources */ = {isa = PBXBuildFile; fileRef = 634651AF275E196B0001D7BB /* ProfileController.swift */; };
		634651B3275E1BBB0001D7BB /* CustomView.swift in Sources */ = {isa = PBXBuildFile; fileRef = 634651B2275E1BBB0001D7BB /* CustomView.swift */; };
		634651B5275E1E610001D7BB /* CustomLabel.swift in Sources */ = {isa = PBXBuildFile; fileRef = 634651B4275E1E610001D7BB /* CustomLabel.swift */; };
		634651B7275E20E00001D7BB /* SalmonButton.swift in Sources */ = {isa = PBXBuildFile; fileRef = 634651B6275E20E00001D7BB /* SalmonButton.swift */; };
		634651B9275E216A0001D7BB /* CardView.swift in Sources */ = {isa = PBXBuildFile; fileRef = 634651B8275E216A0001D7BB /* CardView.swift */; };
		634651BD275E6B0F0001D7BB /* ProfileCell.swift in Sources */ = {isa = PBXBuildFile; fileRef = 634651BC275E6B0F0001D7BB /* ProfileCell.swift */; };
		634651BF275E6C6C0001D7BB /* Score.swift in Sources */ = {isa = PBXBuildFile; fileRef = 634651BE275E6C6C0001D7BB /* Score.swift */; };
		634651C1275E78C20001D7BB /* UserUtility.swift in Sources */ = {isa = PBXBuildFile; fileRef = 634651C0275E78C20001D7BB /* UserUtility.swift */; };
		635CD253276154B70041FF96 /* Localizable.strings in Resources */ = {isa = PBXBuildFile; fileRef = 635CD255276154B70041FF96 /* Localizable.strings */; };
		63AC0CD4275A12C2005F8089 /* UIUtility.swift in Sources */ = {isa = PBXBuildFile; fileRef = 63AC0CD3275A12C2005F8089 /* UIUtility.swift */; };
		63DE61FF275F8EDB002ABBFD /* ScoreChartController.swift in Sources */ = {isa = PBXBuildFile; fileRef = 63DE61FE275F8EDB002ABBFD /* ScoreChartController.swift */; };
		63DE6201275F9393002ABBFD /* UserChartCell.swift in Sources */ = {isa = PBXBuildFile; fileRef = 63DE6200275F9393002ABBFD /* UserChartCell.swift */; };
		63E89219275A238900A368AD /* QuizController.swift in Sources */ = {isa = PBXBuildFile; fileRef = 63E89218275A238900A368AD /* QuizController.swift */; };
		63E8921C275A64E100A368AD /* ViewController.swift in Sources */ = {isa = PBXBuildFile; fileRef = 63E8921B275A64E100A368AD /* ViewController.swift */; };
		63E8F4552758E29A00FBAC41 /* AppDelegate.swift in Sources */ = {isa = PBXBuildFile; fileRef = 63E8F4542758E29A00FBAC41 /* AppDelegate.swift */; };
		63E8F4572758E29A00FBAC41 /* SceneDelegate.swift in Sources */ = {isa = PBXBuildFile; fileRef = 63E8F4562758E29A00FBAC41 /* SceneDelegate.swift */; };
		63E8F4592758E29A00FBAC41 /* LoginController.swift in Sources */ = {isa = PBXBuildFile; fileRef = 63E8F4582758E29A00FBAC41 /* LoginController.swift */; };
		63E8F45C2758E29A00FBAC41 /* Main.storyboard in Resources */ = {isa = PBXBuildFile; fileRef = 63E8F45A2758E29A00FBAC41 /* Main.storyboard */; };
		63E8F45E2758E29B00FBAC41 /* Assets.xcassets in Resources */ = {isa = PBXBuildFile; fileRef = 63E8F45D2758E29B00FBAC41 /* Assets.xcassets */; };
		63E8F4612758E29B00FBAC41 /* LaunchScreen.storyboard in Resources */ = {isa = PBXBuildFile; fileRef = 63E8F45F2758E29B00FBAC41 /* LaunchScreen.storyboard */; };
		63E8F46C2758E29B00FBAC41 /* Who_SingsTests.swift in Sources */ = {isa = PBXBuildFile; fileRef = 63E8F46B2758E29B00FBAC41 /* Who_SingsTests.swift */; };
		63E8F4762758E29B00FBAC41 /* Who_SingsUITests.swift in Sources */ = {isa = PBXBuildFile; fileRef = 63E8F4752758E29B00FBAC41 /* Who_SingsUITests.swift */; };
		63E8F4782758E29B00FBAC41 /* Who_SingsUITestsLaunchTests.swift in Sources */ = {isa = PBXBuildFile; fileRef = 63E8F4772758E29B00FBAC41 /* Who_SingsUITestsLaunchTests.swift */; };
		63F087BA275BD35900152D8D /* Utility.swift in Sources */ = {isa = PBXBuildFile; fileRef = 63F087B9275BD35900152D8D /* Utility.swift */; };
		9B173615C42277EBBB230023 /* Pods_Who_Sings.framework in Frameworks */ = {isa = PBXBuildFile; fileRef = 2F858D50BC73119CC43307C8 /* Pods_Who_Sings.framework */; };
		A7E22B7E3E11738888297AB8 /* Pods_Who_Sings_Who_SingsUITests.framework in Frameworks */ = {isa = PBXBuildFile; fileRef = 7AF6BA0F5F7A51FE54679C28 /* Pods_Who_Sings_Who_SingsUITests.framework */; };
		B75F55C43A7278166A96756A /* Pods_Who_SingsTests.framework in Frameworks */ = {isa = PBXBuildFile; fileRef = A017199BE9B53D347A23F3BC /* Pods_Who_SingsTests.framework */; };
/* End PBXBuildFile section */

/* Begin PBXContainerItemProxy section */
		63E8F4682758E29B00FBAC41 /* PBXContainerItemProxy */ = {
			isa = PBXContainerItemProxy;
			containerPortal = 63E8F4492758E29A00FBAC41 /* Project object */;
			proxyType = 1;
			remoteGlobalIDString = 63E8F4502758E29A00FBAC41;
			remoteInfo = "Who Sings";
		};
		63E8F4722758E29B00FBAC41 /* PBXContainerItemProxy */ = {
			isa = PBXContainerItemProxy;
			containerPortal = 63E8F4492758E29A00FBAC41 /* Project object */;
			proxyType = 1;
			remoteGlobalIDString = 63E8F4502758E29A00FBAC41;
			remoteInfo = "Who Sings";
		};
/* End PBXContainerItemProxy section */

/* Begin PBXFileReference section */
		2F858D50BC73119CC43307C8 /* Pods_Who_Sings.framework */ = {isa = PBXFileReference; explicitFileType = wrapper.framework; includeInIndex = 0; path = Pods_Who_Sings.framework; sourceTree = BUILT_PRODUCTS_DIR; };
		483025E48A553E851AE49141 /* Pods-Who SingsTests.release.xcconfig */ = {isa = PBXFileReference; includeInIndex = 1; lastKnownFileType = text.xcconfig; name = "Pods-Who SingsTests.release.xcconfig"; path = "Target Support Files/Pods-Who SingsTests/Pods-Who SingsTests.release.xcconfig"; sourceTree = "<group>"; };
		6312AB542758E44400B80C16 /* User.swift */ = {isa = PBXFileReference; lastKnownFileType = sourcecode.swift; path = User.swift; sourceTree = "<group>"; };
		6312AB562758E4EF00B80C16 /* NetworkUtility.swift */ = {isa = PBXFileReference; lastKnownFileType = sourcecode.swift; path = NetworkUtility.swift; sourceTree = "<group>"; };
		6312AB592758E9F000B80C16 /* NetworkModels.swift */ = {isa = PBXFileReference; lastKnownFileType = sourcecode.swift; path = NetworkModels.swift; sourceTree = "<group>"; };
		6312AB5B27590BDC00B80C16 /* NetworkParser.swift */ = {isa = PBXFileReference; lastKnownFileType = sourcecode.swift; path = NetworkParser.swift; sourceTree = "<group>"; };
		6312AB782759353800B80C16 /* Constants.swift */ = {isa = PBXFileReference; lastKnownFileType = sourcecode.swift; path = Constants.swift; sourceTree = "<group>"; };
		634651AF275E196B0001D7BB /* ProfileController.swift */ = {isa = PBXFileReference; lastKnownFileType = sourcecode.swift; path = ProfileController.swift; sourceTree = "<group>"; };
		634651B2275E1BBB0001D7BB /* CustomView.swift */ = {isa = PBXFileReference; lastKnownFileType = sourcecode.swift; path = CustomView.swift; sourceTree = "<group>"; };
		634651B4275E1E610001D7BB /* CustomLabel.swift */ = {isa = PBXFileReference; lastKnownFileType = sourcecode.swift; path = CustomLabel.swift; sourceTree = "<group>"; };
		634651B6275E20E00001D7BB /* SalmonButton.swift */ = {isa = PBXFileReference; lastKnownFileType = sourcecode.swift; path = SalmonButton.swift; sourceTree = "<group>"; };
		634651B8275E216A0001D7BB /* CardView.swift */ = {isa = PBXFileReference; lastKnownFileType = sourcecode.swift; path = CardView.swift; sourceTree = "<group>"; };
		634651BC275E6B0F0001D7BB /* ProfileCell.swift */ = {isa = PBXFileReference; lastKnownFileType = sourcecode.swift; path = ProfileCell.swift; sourceTree = "<group>"; };
		634651BE275E6C6C0001D7BB /* Score.swift */ = {isa = PBXFileReference; lastKnownFileType = sourcecode.swift; path = Score.swift; sourceTree = "<group>"; };
		634651C0275E78C20001D7BB /* UserUtility.swift */ = {isa = PBXFileReference; lastKnownFileType = sourcecode.swift; path = UserUtility.swift; sourceTree = "<group>"; };
		635CD254276154B70041FF96 /* en */ = {isa = PBXFileReference; lastKnownFileType = text.plist.strings; name = en; path = en.lproj/Localizable.strings; sourceTree = "<group>"; };
		635CD256276154C40041FF96 /* it */ = {isa = PBXFileReference; lastKnownFileType = text.plist.strings; name = it; path = it.lproj/Localizable.strings; sourceTree = "<group>"; };
		63AC0CD3275A12C2005F8089 /* UIUtility.swift */ = {isa = PBXFileReference; lastKnownFileType = sourcecode.swift; path = UIUtility.swift; sourceTree = "<group>"; };
		63DE61FE275F8EDB002ABBFD /* ScoreChartController.swift */ = {isa = PBXFileReference; lastKnownFileType = sourcecode.swift; path = ScoreChartController.swift; sourceTree = "<group>"; };
		63DE6200275F9393002ABBFD /* UserChartCell.swift */ = {isa = PBXFileReference; lastKnownFileType = sourcecode.swift; path = UserChartCell.swift; sourceTree = "<group>"; };
		63E89218275A238900A368AD /* QuizController.swift */ = {isa = PBXFileReference; lastKnownFileType = sourcecode.swift; path = QuizController.swift; sourceTree = "<group>"; };
		63E8921B275A64E100A368AD /* ViewController.swift */ = {isa = PBXFileReference; lastKnownFileType = sourcecode.swift; path = ViewController.swift; sourceTree = "<group>"; };
		63E8F4512758E29A00FBAC41 /* Who Sings.app */ = {isa = PBXFileReference; explicitFileType = wrapper.application; includeInIndex = 0; path = "Who Sings.app"; sourceTree = BUILT_PRODUCTS_DIR; };
		63E8F4542758E29A00FBAC41 /* AppDelegate.swift */ = {isa = PBXFileReference; lastKnownFileType = sourcecode.swift; path = AppDelegate.swift; sourceTree = "<group>"; };
		63E8F4562758E29A00FBAC41 /* SceneDelegate.swift */ = {isa = PBXFileReference; lastKnownFileType = sourcecode.swift; path = SceneDelegate.swift; sourceTree = "<group>"; };
		63E8F4582758E29A00FBAC41 /* LoginController.swift */ = {isa = PBXFileReference; lastKnownFileType = sourcecode.swift; path = LoginController.swift; sourceTree = "<group>"; };
		63E8F45B2758E29A00FBAC41 /* Base */ = {isa = PBXFileReference; lastKnownFileType = file.storyboard; name = Base; path = Base.lproj/Main.storyboard; sourceTree = "<group>"; };
		63E8F45D2758E29B00FBAC41 /* Assets.xcassets */ = {isa = PBXFileReference; lastKnownFileType = folder.assetcatalog; path = Assets.xcassets; sourceTree = "<group>"; };
		63E8F4602758E29B00FBAC41 /* Base */ = {isa = PBXFileReference; lastKnownFileType = file.storyboard; name = Base; path = Base.lproj/LaunchScreen.storyboard; sourceTree = "<group>"; };
		63E8F4622758E29B00FBAC41 /* Info.plist */ = {isa = PBXFileReference; lastKnownFileType = text.plist.xml; path = Info.plist; sourceTree = "<group>"; };
		63E8F4672758E29B00FBAC41 /* Who SingsTests.xctest */ = {isa = PBXFileReference; explicitFileType = wrapper.cfbundle; includeInIndex = 0; path = "Who SingsTests.xctest"; sourceTree = BUILT_PRODUCTS_DIR; };
		63E8F46B2758E29B00FBAC41 /* Who_SingsTests.swift */ = {isa = PBXFileReference; lastKnownFileType = sourcecode.swift; path = Who_SingsTests.swift; sourceTree = "<group>"; };
		63E8F4712758E29B00FBAC41 /* Who SingsUITests.xctest */ = {isa = PBXFileReference; explicitFileType = wrapper.cfbundle; includeInIndex = 0; path = "Who SingsUITests.xctest"; sourceTree = BUILT_PRODUCTS_DIR; };
		63E8F4752758E29B00FBAC41 /* Who_SingsUITests.swift */ = {isa = PBXFileReference; lastKnownFileType = sourcecode.swift; path = Who_SingsUITests.swift; sourceTree = "<group>"; };
		63E8F4772758E29B00FBAC41 /* Who_SingsUITestsLaunchTests.swift */ = {isa = PBXFileReference; lastKnownFileType = sourcecode.swift; path = Who_SingsUITestsLaunchTests.swift; sourceTree = "<group>"; };
		63F087B9275BD35900152D8D /* Utility.swift */ = {isa = PBXFileReference; lastKnownFileType = sourcecode.swift; path = Utility.swift; sourceTree = "<group>"; };
		6532205172E685A81C71274A /* Pods-Who SingsTests.debug.xcconfig */ = {isa = PBXFileReference; includeInIndex = 1; lastKnownFileType = text.xcconfig; name = "Pods-Who SingsTests.debug.xcconfig"; path = "Target Support Files/Pods-Who SingsTests/Pods-Who SingsTests.debug.xcconfig"; sourceTree = "<group>"; };
		6EB0030606BF1F7826C926A8 /* Pods-Who Sings.release.xcconfig */ = {isa = PBXFileReference; includeInIndex = 1; lastKnownFileType = text.xcconfig; name = "Pods-Who Sings.release.xcconfig"; path = "Target Support Files/Pods-Who Sings/Pods-Who Sings.release.xcconfig"; sourceTree = "<group>"; };
		7AF6BA0F5F7A51FE54679C28 /* Pods_Who_Sings_Who_SingsUITests.framework */ = {isa = PBXFileReference; explicitFileType = wrapper.framework; includeInIndex = 0; path = Pods_Who_Sings_Who_SingsUITests.framework; sourceTree = BUILT_PRODUCTS_DIR; };
		A017199BE9B53D347A23F3BC /* Pods_Who_SingsTests.framework */ = {isa = PBXFileReference; explicitFileType = wrapper.framework; includeInIndex = 0; path = Pods_Who_SingsTests.framework; sourceTree = BUILT_PRODUCTS_DIR; };
		C766268873D759E5AABC8777 /* Pods-Who Sings.debug.xcconfig */ = {isa = PBXFileReference; includeInIndex = 1; lastKnownFileType = text.xcconfig; name = "Pods-Who Sings.debug.xcconfig"; path = "Target Support Files/Pods-Who Sings/Pods-Who Sings.debug.xcconfig"; sourceTree = "<group>"; };
		D69832A28F188A6059CB46C3 /* Pods-Who Sings-Who SingsUITests.release.xcconfig */ = {isa = PBXFileReference; includeInIndex = 1; lastKnownFileType = text.xcconfig; name = "Pods-Who Sings-Who SingsUITests.release.xcconfig"; path = "Target Support Files/Pods-Who Sings-Who SingsUITests/Pods-Who Sings-Who SingsUITests.release.xcconfig"; sourceTree = "<group>"; };
		FE9230B48BCEBEAB8CAB1D75 /* Pods-Who Sings-Who SingsUITests.debug.xcconfig */ = {isa = PBXFileReference; includeInIndex = 1; lastKnownFileType = text.xcconfig; name = "Pods-Who Sings-Who SingsUITests.debug.xcconfig"; path = "Target Support Files/Pods-Who Sings-Who SingsUITests/Pods-Who Sings-Who SingsUITests.debug.xcconfig"; sourceTree = "<group>"; };
/* End PBXFileReference section */

/* Begin PBXFrameworksBuildPhase section */
		63E8F44E2758E29A00FBAC41 /* Frameworks */ = {
			isa = PBXFrameworksBuildPhase;
			buildActionMask = 2147483647;
			files = (
				9B173615C42277EBBB230023 /* Pods_Who_Sings.framework in Frameworks */,
			);
			runOnlyForDeploymentPostprocessing = 0;
		};
		63E8F4642758E29B00FBAC41 /* Frameworks */ = {
			isa = PBXFrameworksBuildPhase;
			buildActionMask = 2147483647;
			files = (
				B75F55C43A7278166A96756A /* Pods_Who_SingsTests.framework in Frameworks */,
			);
			runOnlyForDeploymentPostprocessing = 0;
		};
		63E8F46E2758E29B00FBAC41 /* Frameworks */ = {
			isa = PBXFrameworksBuildPhase;
			buildActionMask = 2147483647;
			files = (
				A7E22B7E3E11738888297AB8 /* Pods_Who_Sings_Who_SingsUITests.framework in Frameworks */,
			);
			runOnlyForDeploymentPostprocessing = 0;
		};
/* End PBXFrameworksBuildPhase section */

/* Begin PBXGroup section */
		4828806BFB68918051F2EFF7 /* Pods */ = {
			isa = PBXGroup;
			children = (
				C766268873D759E5AABC8777 /* Pods-Who Sings.debug.xcconfig */,
				6EB0030606BF1F7826C926A8 /* Pods-Who Sings.release.xcconfig */,
				FE9230B48BCEBEAB8CAB1D75 /* Pods-Who Sings-Who SingsUITests.debug.xcconfig */,
				D69832A28F188A6059CB46C3 /* Pods-Who Sings-Who SingsUITests.release.xcconfig */,
				6532205172E685A81C71274A /* Pods-Who SingsTests.debug.xcconfig */,
				483025E48A553E851AE49141 /* Pods-Who SingsTests.release.xcconfig */,
			);
			path = Pods;
			sourceTree = "<group>";
		};
		6312AB532758E3EC00B80C16 /* Models */ = {
			isa = PBXGroup;
			children = (
				6312AB542758E44400B80C16 /* User.swift */,
				634651BE275E6C6C0001D7BB /* Score.swift */,
				6312AB592758E9F000B80C16 /* NetworkModels.swift */,
			);
			path = Models;
			sourceTree = "<group>";
		};
		634651B1275E1BA70001D7BB /* Views */ = {
			isa = PBXGroup;
			children = (
				634651BB275E6AF30001D7BB /* Base */,
				634651BC275E6B0F0001D7BB /* ProfileCell.swift */,
				63DE6200275F9393002ABBFD /* UserChartCell.swift */,
			);
			path = Views;
			sourceTree = "<group>";
		};
		634651BB275E6AF30001D7BB /* Base */ = {
			isa = PBXGroup;
			children = (
				634651B2275E1BBB0001D7BB /* CustomView.swift */,
				634651B4275E1E610001D7BB /* CustomLabel.swift */,
				634651B6275E20E00001D7BB /* SalmonButton.swift */,
				634651B8275E216A0001D7BB /* CardView.swift */,
			);
			path = Base;
			sourceTree = "<group>";
		};
		63E8F4482758E29A00FBAC41 = {
			isa = PBXGroup;
			children = (
				63E8F4532758E29A00FBAC41 /* Who Sings */,
				63E8F46A2758E29B00FBAC41 /* Who SingsTests */,
				63E8F4742758E29B00FBAC41 /* Who SingsUITests */,
				63E8F4522758E29A00FBAC41 /* Products */,
				4828806BFB68918051F2EFF7 /* Pods */,
				CDE5CA8A1687EAF07B93DE4B /* Frameworks */,
			);
			sourceTree = "<group>";
		};
		63E8F4522758E29A00FBAC41 /* Products */ = {
			isa = PBXGroup;
			children = (
				63E8F4512758E29A00FBAC41 /* Who Sings.app */,
				63E8F4672758E29B00FBAC41 /* Who SingsTests.xctest */,
				63E8F4712758E29B00FBAC41 /* Who SingsUITests.xctest */,
			);
			name = Products;
			sourceTree = "<group>";
		};
		63E8F4532758E29A00FBAC41 /* Who Sings */ = {
			isa = PBXGroup;
			children = (
				635CD255276154B70041FF96 /* Localizable.strings */,
				63E8F4542758E29A00FBAC41 /* AppDelegate.swift */,
				63E8F4562758E29A00FBAC41 /* SceneDelegate.swift */,
				63E8F45A2758E29A00FBAC41 /* Main.storyboard */,
				63E8F45D2758E29B00FBAC41 /* Assets.xcassets */,
				63E8F4622758E29B00FBAC41 /* Info.plist */,
				63E8F45F2758E29B00FBAC41 /* LaunchScreen.storyboard */,
				63E8F4852758E2C300FBAC41 /* Controllers */,
				6312AB532758E3EC00B80C16 /* Models */,
				63E8F4862758E2CD00FBAC41 /* Utilities */,
			);
			path = "Who Sings";
			sourceTree = "<group>";
		};
		63E8F46A2758E29B00FBAC41 /* Who SingsTests */ = {
			isa = PBXGroup;
			children = (
				63E8F46B2758E29B00FBAC41 /* Who_SingsTests.swift */,
			);
			path = "Who SingsTests";
			sourceTree = "<group>";
		};
		63E8F4742758E29B00FBAC41 /* Who SingsUITests */ = {
			isa = PBXGroup;
			children = (
				63E8F4752758E29B00FBAC41 /* Who_SingsUITests.swift */,
				63E8F4772758E29B00FBAC41 /* Who_SingsUITestsLaunchTests.swift */,
			);
			path = "Who SingsUITests";
			sourceTree = "<group>";
		};
		63E8F4852758E2C300FBAC41 /* Controllers */ = {
			isa = PBXGroup;
			children = (
				634651B1275E1BA70001D7BB /* Views */,
				63E8F4582758E29A00FBAC41 /* LoginController.swift */,
				63E89218275A238900A368AD /* QuizController.swift */,
				63E8921B275A64E100A368AD /* ViewController.swift */,
				634651AF275E196B0001D7BB /* ProfileController.swift */,
				63DE61FE275F8EDB002ABBFD /* ScoreChartController.swift */,
			);
			path = Controllers;
			sourceTree = "<group>";
		};
		63E8F4862758E2CD00FBAC41 /* Utilities */ = {
			isa = PBXGroup;
			children = (
				6312AB562758E4EF00B80C16 /* NetworkUtility.swift */,
				6312AB5B27590BDC00B80C16 /* NetworkParser.swift */,
				6312AB782759353800B80C16 /* Constants.swift */,
				63AC0CD3275A12C2005F8089 /* UIUtility.swift */,
				63F087B9275BD35900152D8D /* Utility.swift */,
				634651C0275E78C20001D7BB /* UserUtility.swift */,
			);
			path = Utilities;
			sourceTree = "<group>";
		};
		CDE5CA8A1687EAF07B93DE4B /* Frameworks */ = {
			isa = PBXGroup;
			children = (
				2F858D50BC73119CC43307C8 /* Pods_Who_Sings.framework */,
				7AF6BA0F5F7A51FE54679C28 /* Pods_Who_Sings_Who_SingsUITests.framework */,
				A017199BE9B53D347A23F3BC /* Pods_Who_SingsTests.framework */,
			);
			name = Frameworks;
			sourceTree = "<group>";
		};
/* End PBXGroup section */

/* Begin PBXNativeTarget section */
		63E8F4502758E29A00FBAC41 /* Who Sings */ = {
			isa = PBXNativeTarget;
			buildConfigurationList = 63E8F47B2758E29B00FBAC41 /* Build configuration list for PBXNativeTarget "Who Sings" */;
			buildPhases = (
				C95894B9DB8FE3CCD8326AFC /* [CP] Check Pods Manifest.lock */,
				63E8F44D2758E29A00FBAC41 /* Sources */,
				63E8F44E2758E29A00FBAC41 /* Frameworks */,
				63E8F44F2758E29A00FBAC41 /* Resources */,
				6D9ED29C73B799F5773D3C16 /* [CP] Embed Pods Frameworks */,
			);
			buildRules = (
			);
			dependencies = (
			);
			name = "Who Sings";
			productName = "Who Sings";
			productReference = 63E8F4512758E29A00FBAC41 /* Who Sings.app */;
			productType = "com.apple.product-type.application";
		};
		63E8F4662758E29B00FBAC41 /* Who SingsTests */ = {
			isa = PBXNativeTarget;
			buildConfigurationList = 63E8F47E2758E29B00FBAC41 /* Build configuration list for PBXNativeTarget "Who SingsTests" */;
			buildPhases = (
				AFBFF784C7A9CEC1296FF73E /* [CP] Check Pods Manifest.lock */,
				63E8F4632758E29B00FBAC41 /* Sources */,
				63E8F4642758E29B00FBAC41 /* Frameworks */,
				63E8F4652758E29B00FBAC41 /* Resources */,
			);
			buildRules = (
			);
			dependencies = (
				63E8F4692758E29B00FBAC41 /* PBXTargetDependency */,
			);
			name = "Who SingsTests";
			productName = "Who SingsTests";
			productReference = 63E8F4672758E29B00FBAC41 /* Who SingsTests.xctest */;
			productType = "com.apple.product-type.bundle.unit-test";
		};
		63E8F4702758E29B00FBAC41 /* Who SingsUITests */ = {
			isa = PBXNativeTarget;
			buildConfigurationList = 63E8F4812758E29B00FBAC41 /* Build configuration list for PBXNativeTarget "Who SingsUITests" */;
			buildPhases = (
				038B3AA9E3E711F77F0344EF /* [CP] Check Pods Manifest.lock */,
				63E8F46D2758E29B00FBAC41 /* Sources */,
				63E8F46E2758E29B00FBAC41 /* Frameworks */,
				63E8F46F2758E29B00FBAC41 /* Resources */,
				C49C4F0EAACA1A1EAF3F830D /* [CP] Embed Pods Frameworks */,
			);
			buildRules = (
			);
			dependencies = (
				63E8F4732758E29B00FBAC41 /* PBXTargetDependency */,
			);
			name = "Who SingsUITests";
			productName = "Who SingsUITests";
			productReference = 63E8F4712758E29B00FBAC41 /* Who SingsUITests.xctest */;
			productType = "com.apple.product-type.bundle.ui-testing";
		};
/* End PBXNativeTarget section */

/* Begin PBXProject section */
		63E8F4492758E29A00FBAC41 /* Project object */ = {
			isa = PBXProject;
			attributes = {
				BuildIndependentTargetsInParallel = 1;
				LastSwiftUpdateCheck = 1310;
				LastUpgradeCheck = 1310;
				TargetAttributes = {
					63E8F4502758E29A00FBAC41 = {
						CreatedOnToolsVersion = 13.1;
					};
					63E8F4662758E29B00FBAC41 = {
						CreatedOnToolsVersion = 13.1;
						TestTargetID = 63E8F4502758E29A00FBAC41;
					};
					63E8F4702758E29B00FBAC41 = {
						CreatedOnToolsVersion = 13.1;
						TestTargetID = 63E8F4502758E29A00FBAC41;
					};
				};
			};
			buildConfigurationList = 63E8F44C2758E29A00FBAC41 /* Build configuration list for PBXProject "Who Sings" */;
			compatibilityVersion = "Xcode 13.0";
			developmentRegion = en;
			hasScannedForEncodings = 0;
			knownRegions = (
				en,
				Base,
				it,
			);
			mainGroup = 63E8F4482758E29A00FBAC41;
			productRefGroup = 63E8F4522758E29A00FBAC41 /* Products */;
			projectDirPath = "";
			projectRoot = "";
			targets = (
				63E8F4502758E29A00FBAC41 /* Who Sings */,
				63E8F4662758E29B00FBAC41 /* Who SingsTests */,
				63E8F4702758E29B00FBAC41 /* Who SingsUITests */,
			);
		};
/* End PBXProject section */

/* Begin PBXResourcesBuildPhase section */
		63E8F44F2758E29A00FBAC41 /* Resources */ = {
			isa = PBXResourcesBuildPhase;
			buildActionMask = 2147483647;
			files = (
				63E8F4612758E29B00FBAC41 /* LaunchScreen.storyboard in Resources */,
				635CD253276154B70041FF96 /* Localizable.strings in Resources */,
				63E8F45E2758E29B00FBAC41 /* Assets.xcassets in Resources */,
				63E8F45C2758E29A00FBAC41 /* Main.storyboard in Resources */,
			);
			runOnlyForDeploymentPostprocessing = 0;
		};
		63E8F4652758E29B00FBAC41 /* Resources */ = {
			isa = PBXResourcesBuildPhase;
			buildActionMask = 2147483647;
			files = (
			);
			runOnlyForDeploymentPostprocessing = 0;
		};
		63E8F46F2758E29B00FBAC41 /* Resources */ = {
			isa = PBXResourcesBuildPhase;
			buildActionMask = 2147483647;
			files = (
			);
			runOnlyForDeploymentPostprocessing = 0;
		};
/* End PBXResourcesBuildPhase section */

/* Begin PBXShellScriptBuildPhase section */
		038B3AA9E3E711F77F0344EF /* [CP] Check Pods Manifest.lock */ = {
			isa = PBXShellScriptBuildPhase;
			buildActionMask = 2147483647;
			files = (
			);
			inputFileListPaths = (
			);
			inputPaths = (
				"${PODS_PODFILE_DIR_PATH}/Podfile.lock",
				"${PODS_ROOT}/Manifest.lock",
			);
			name = "[CP] Check Pods Manifest.lock";
			outputFileListPaths = (
			);
			outputPaths = (
				"$(DERIVED_FILE_DIR)/Pods-Who Sings-Who SingsUITests-checkManifestLockResult.txt",
			);
			runOnlyForDeploymentPostprocessing = 0;
			shellPath = /bin/sh;
			shellScript = "diff \"${PODS_PODFILE_DIR_PATH}/Podfile.lock\" \"${PODS_ROOT}/Manifest.lock\" > /dev/null\nif [ $? != 0 ] ; then\n    # print error to STDERR\n    echo \"error: The sandbox is not in sync with the Podfile.lock. Run 'pod install' or update your CocoaPods installation.\" >&2\n    exit 1\nfi\n# This output is used by Xcode 'outputs' to avoid re-running this script phase.\necho \"SUCCESS\" > \"${SCRIPT_OUTPUT_FILE_0}\"\n";
			showEnvVarsInLog = 0;
		};
		6D9ED29C73B799F5773D3C16 /* [CP] Embed Pods Frameworks */ = {
			isa = PBXShellScriptBuildPhase;
			buildActionMask = 2147483647;
			files = (
			);
			inputFileListPaths = (
				"${PODS_ROOT}/Target Support Files/Pods-Who Sings/Pods-Who Sings-frameworks-${CONFIGURATION}-input-files.xcfilelist",
			);
			name = "[CP] Embed Pods Frameworks";
			outputFileListPaths = (
				"${PODS_ROOT}/Target Support Files/Pods-Who Sings/Pods-Who Sings-frameworks-${CONFIGURATION}-output-files.xcfilelist",
			);
			runOnlyForDeploymentPostprocessing = 0;
			shellPath = /bin/sh;
			shellScript = "\"${PODS_ROOT}/Target Support Files/Pods-Who Sings/Pods-Who Sings-frameworks.sh\"\n";
			showEnvVarsInLog = 0;
		};
		AFBFF784C7A9CEC1296FF73E /* [CP] Check Pods Manifest.lock */ = {
			isa = PBXShellScriptBuildPhase;
			buildActionMask = 2147483647;
			files = (
			);
			inputFileListPaths = (
			);
			inputPaths = (
				"${PODS_PODFILE_DIR_PATH}/Podfile.lock",
				"${PODS_ROOT}/Manifest.lock",
			);
			name = "[CP] Check Pods Manifest.lock";
			outputFileListPaths = (
			);
			outputPaths = (
				"$(DERIVED_FILE_DIR)/Pods-Who SingsTests-checkManifestLockResult.txt",
			);
			runOnlyForDeploymentPostprocessing = 0;
			shellPath = /bin/sh;
			shellScript = "diff \"${PODS_PODFILE_DIR_PATH}/Podfile.lock\" \"${PODS_ROOT}/Manifest.lock\" > /dev/null\nif [ $? != 0 ] ; then\n    # print error to STDERR\n    echo \"error: The sandbox is not in sync with the Podfile.lock. Run 'pod install' or update your CocoaPods installation.\" >&2\n    exit 1\nfi\n# This output is used by Xcode 'outputs' to avoid re-running this script phase.\necho \"SUCCESS\" > \"${SCRIPT_OUTPUT_FILE_0}\"\n";
			showEnvVarsInLog = 0;
		};
		C49C4F0EAACA1A1EAF3F830D /* [CP] Embed Pods Frameworks */ = {
			isa = PBXShellScriptBuildPhase;
			buildActionMask = 2147483647;
			files = (
			);
			inputFileListPaths = (
				"${PODS_ROOT}/Target Support Files/Pods-Who Sings-Who SingsUITests/Pods-Who Sings-Who SingsUITests-frameworks-${CONFIGURATION}-input-files.xcfilelist",
			);
			name = "[CP] Embed Pods Frameworks";
			outputFileListPaths = (
				"${PODS_ROOT}/Target Support Files/Pods-Who Sings-Who SingsUITests/Pods-Who Sings-Who SingsUITests-frameworks-${CONFIGURATION}-output-files.xcfilelist",
			);
			runOnlyForDeploymentPostprocessing = 0;
			shellPath = /bin/sh;
			shellScript = "\"${PODS_ROOT}/Target Support Files/Pods-Who Sings-Who SingsUITests/Pods-Who Sings-Who SingsUITests-frameworks.sh\"\n";
			showEnvVarsInLog = 0;
		};
		C95894B9DB8FE3CCD8326AFC /* [CP] Check Pods Manifest.lock */ = {
			isa = PBXShellScriptBuildPhase;
			buildActionMask = 2147483647;
			files = (
			);
			inputFileListPaths = (
			);
			inputPaths = (
				"${PODS_PODFILE_DIR_PATH}/Podfile.lock",
				"${PODS_ROOT}/Manifest.lock",
			);
			name = "[CP] Check Pods Manifest.lock";
			outputFileListPaths = (
			);
			outputPaths = (
				"$(DERIVED_FILE_DIR)/Pods-Who Sings-checkManifestLockResult.txt",
			);
			runOnlyForDeploymentPostprocessing = 0;
			shellPath = /bin/sh;
			shellScript = "diff \"${PODS_PODFILE_DIR_PATH}/Podfile.lock\" \"${PODS_ROOT}/Manifest.lock\" > /dev/null\nif [ $? != 0 ] ; then\n    # print error to STDERR\n    echo \"error: The sandbox is not in sync with the Podfile.lock. Run 'pod install' or update your CocoaPods installation.\" >&2\n    exit 1\nfi\n# This output is used by Xcode 'outputs' to avoid re-running this script phase.\necho \"SUCCESS\" > \"${SCRIPT_OUTPUT_FILE_0}\"\n";
			showEnvVarsInLog = 0;
		};
/* End PBXShellScriptBuildPhase section */

/* Begin PBXSourcesBuildPhase section */
		63E8F44D2758E29A00FBAC41 /* Sources */ = {
			isa = PBXSourcesBuildPhase;
			buildActionMask = 2147483647;
			files = (
				63AC0CD4275A12C2005F8089 /* UIUtility.swift in Sources */,
				634651B5275E1E610001D7BB /* CustomLabel.swift in Sources */,
				6312AB552758E44400B80C16 /* User.swift in Sources */,
				634651B7275E20E00001D7BB /* SalmonButton.swift in Sources */,
				63E89219275A238900A368AD /* QuizController.swift in Sources */,
				634651B3275E1BBB0001D7BB /* CustomView.swift in Sources */,
				63E8F4592758E29A00FBAC41 /* LoginController.swift in Sources */,
				634651C1275E78C20001D7BB /* UserUtility.swift in Sources */,
				63E8921C275A64E100A368AD /* ViewController.swift in Sources */,
				634651B0275E196B0001D7BB /* ProfileController.swift in Sources */,
				63E8F4552758E29A00FBAC41 /* AppDelegate.swift in Sources */,
				63DE6201275F9393002ABBFD /* UserChartCell.swift in Sources */,
				63E8F4572758E29A00FBAC41 /* SceneDelegate.swift in Sources */,
				6312AB5A2758E9F000B80C16 /* NetworkModels.swift in Sources */,
				63F087BA275BD35900152D8D /* Utility.swift in Sources */,
				634651BF275E6C6C0001D7BB /* Score.swift in Sources */,
				6312AB572758E4EF00B80C16 /* NetworkUtility.swift in Sources */,
				63DE61FF275F8EDB002ABBFD /* ScoreChartController.swift in Sources */,
				6312AB5C27590BDC00B80C16 /* NetworkParser.swift in Sources */,
				634651BD275E6B0F0001D7BB /* ProfileCell.swift in Sources */,
				634651B9275E216A0001D7BB /* CardView.swift in Sources */,
				6312AB792759353800B80C16 /* Constants.swift in Sources */,
			);
			runOnlyForDeploymentPostprocessing = 0;
		};
		63E8F4632758E29B00FBAC41 /* Sources */ = {
			isa = PBXSourcesBuildPhase;
			buildActionMask = 2147483647;
			files = (
				63E8F46C2758E29B00FBAC41 /* Who_SingsTests.swift in Sources */,
			);
			runOnlyForDeploymentPostprocessing = 0;
		};
		63E8F46D2758E29B00FBAC41 /* Sources */ = {
			isa = PBXSourcesBuildPhase;
			buildActionMask = 2147483647;
			files = (
				63E8F4782758E29B00FBAC41 /* Who_SingsUITestsLaunchTests.swift in Sources */,
				63E8F4762758E29B00FBAC41 /* Who_SingsUITests.swift in Sources */,
			);
			runOnlyForDeploymentPostprocessing = 0;
		};
/* End PBXSourcesBuildPhase section */

/* Begin PBXTargetDependency section */
		63E8F4692758E29B00FBAC41 /* PBXTargetDependency */ = {
			isa = PBXTargetDependency;
			target = 63E8F4502758E29A00FBAC41 /* Who Sings */;
			targetProxy = 63E8F4682758E29B00FBAC41 /* PBXContainerItemProxy */;
		};
		63E8F4732758E29B00FBAC41 /* PBXTargetDependency */ = {
			isa = PBXTargetDependency;
			target = 63E8F4502758E29A00FBAC41 /* Who Sings */;
			targetProxy = 63E8F4722758E29B00FBAC41 /* PBXContainerItemProxy */;
		};
/* End PBXTargetDependency section */

/* Begin PBXVariantGroup section */
		635CD255276154B70041FF96 /* Localizable.strings */ = {
			isa = PBXVariantGroup;
			children = (
				635CD254276154B70041FF96 /* en */,
				635CD256276154C40041FF96 /* it */,
			);
			name = Localizable.strings;
			sourceTree = "<group>";
		};
		63E8F45A2758E29A00FBAC41 /* Main.storyboard */ = {
			isa = PBXVariantGroup;
			children = (
				63E8F45B2758E29A00FBAC41 /* Base */,
			);
			name = Main.storyboard;
			sourceTree = "<group>";
		};
		63E8F45F2758E29B00FBAC41 /* LaunchScreen.storyboard */ = {
			isa = PBXVariantGroup;
			children = (
				63E8F4602758E29B00FBAC41 /* Base */,
			);
			name = LaunchScreen.storyboard;
			sourceTree = "<group>";
		};
/* End PBXVariantGroup section */

/* Begin XCBuildConfiguration section */
		63E8F4792758E29B00FBAC41 /* Debug */ = {
			isa = XCBuildConfiguration;
			buildSettings = {
				ALWAYS_SEARCH_USER_PATHS = NO;
				CLANG_ANALYZER_LOCALIZABILITY_NONLOCALIZED = YES;
				CLANG_ANALYZER_NONNULL = YES;
				CLANG_ANALYZER_NUMBER_OBJECT_CONVERSION = YES_AGGRESSIVE;
				CLANG_CXX_LANGUAGE_STANDARD = "gnu++17";
				CLANG_CXX_LIBRARY = "libc++";
				CLANG_ENABLE_MODULES = YES;
				CLANG_ENABLE_OBJC_ARC = YES;
				CLANG_ENABLE_OBJC_WEAK = YES;
				CLANG_WARN_BLOCK_CAPTURE_AUTORELEASING = YES;
				CLANG_WARN_BOOL_CONVERSION = YES;
				CLANG_WARN_COMMA = YES;
				CLANG_WARN_CONSTANT_CONVERSION = YES;
				CLANG_WARN_DEPRECATED_OBJC_IMPLEMENTATIONS = YES;
				CLANG_WARN_DIRECT_OBJC_ISA_USAGE = YES_ERROR;
				CLANG_WARN_DOCUMENTATION_COMMENTS = YES;
				CLANG_WARN_EMPTY_BODY = YES;
				CLANG_WARN_ENUM_CONVERSION = YES;
				CLANG_WARN_INFINITE_RECURSION = YES;
				CLANG_WARN_INT_CONVERSION = YES;
				CLANG_WARN_NON_LITERAL_NULL_CONVERSION = YES;
				CLANG_WARN_OBJC_IMPLICIT_RETAIN_SELF = YES;
				CLANG_WARN_OBJC_LITERAL_CONVERSION = YES;
				CLANG_WARN_OBJC_ROOT_CLASS = YES_ERROR;
				CLANG_WARN_QUOTED_INCLUDE_IN_FRAMEWORK_HEADER = YES;
				CLANG_WARN_RANGE_LOOP_ANALYSIS = YES;
				CLANG_WARN_STRICT_PROTOTYPES = YES;
				CLANG_WARN_SUSPICIOUS_MOVE = YES;
				CLANG_WARN_UNGUARDED_AVAILABILITY = YES_AGGRESSIVE;
				CLANG_WARN_UNREACHABLE_CODE = YES;
				CLANG_WARN__DUPLICATE_METHOD_MATCH = YES;
				COPY_PHASE_STRIP = NO;
				DEBUG_INFORMATION_FORMAT = dwarf;
				ENABLE_STRICT_OBJC_MSGSEND = YES;
				ENABLE_TESTABILITY = YES;
				GCC_C_LANGUAGE_STANDARD = gnu11;
				GCC_DYNAMIC_NO_PIC = NO;
				GCC_NO_COMMON_BLOCKS = YES;
				GCC_OPTIMIZATION_LEVEL = 0;
				GCC_PREPROCESSOR_DEFINITIONS = (
					"DEBUG=1",
					"$(inherited)",
				);
				GCC_WARN_64_TO_32_BIT_CONVERSION = YES;
				GCC_WARN_ABOUT_RETURN_TYPE = YES_ERROR;
				GCC_WARN_UNDECLARED_SELECTOR = YES;
				GCC_WARN_UNINITIALIZED_AUTOS = YES_AGGRESSIVE;
				GCC_WARN_UNUSED_FUNCTION = YES;
				GCC_WARN_UNUSED_VARIABLE = YES;
				IPHONEOS_DEPLOYMENT_TARGET = 15.0;
				MTL_ENABLE_DEBUG_INFO = INCLUDE_SOURCE;
				MTL_FAST_MATH = YES;
				ONLY_ACTIVE_ARCH = YES;
				SDKROOT = iphoneos;
				SWIFT_ACTIVE_COMPILATION_CONDITIONS = DEBUG;
				SWIFT_OPTIMIZATION_LEVEL = "-Onone";
			};
			name = Debug;
		};
		63E8F47A2758E29B00FBAC41 /* Release */ = {
			isa = XCBuildConfiguration;
			buildSettings = {
				ALWAYS_SEARCH_USER_PATHS = NO;
				CLANG_ANALYZER_LOCALIZABILITY_NONLOCALIZED = YES;
				CLANG_ANALYZER_NONNULL = YES;
				CLANG_ANALYZER_NUMBER_OBJECT_CONVERSION = YES_AGGRESSIVE;
				CLANG_CXX_LANGUAGE_STANDARD = "gnu++17";
				CLANG_CXX_LIBRARY = "libc++";
				CLANG_ENABLE_MODULES = YES;
				CLANG_ENABLE_OBJC_ARC = YES;
				CLANG_ENABLE_OBJC_WEAK = YES;
				CLANG_WARN_BLOCK_CAPTURE_AUTORELEASING = YES;
				CLANG_WARN_BOOL_CONVERSION = YES;
				CLANG_WARN_COMMA = YES;
				CLANG_WARN_CONSTANT_CONVERSION = YES;
				CLANG_WARN_DEPRECATED_OBJC_IMPLEMENTATIONS = YES;
				CLANG_WARN_DIRECT_OBJC_ISA_USAGE = YES_ERROR;
				CLANG_WARN_DOCUMENTATION_COMMENTS = YES;
				CLANG_WARN_EMPTY_BODY = YES;
				CLANG_WARN_ENUM_CONVERSION = YES;
				CLANG_WARN_INFINITE_RECURSION = YES;
				CLANG_WARN_INT_CONVERSION = YES;
				CLANG_WARN_NON_LITERAL_NULL_CONVERSION = YES;
				CLANG_WARN_OBJC_IMPLICIT_RETAIN_SELF = YES;
				CLANG_WARN_OBJC_LITERAL_CONVERSION = YES;
				CLANG_WARN_OBJC_ROOT_CLASS = YES_ERROR;
				CLANG_WARN_QUOTED_INCLUDE_IN_FRAMEWORK_HEADER = YES;
				CLANG_WARN_RANGE_LOOP_ANALYSIS = YES;
				CLANG_WARN_STRICT_PROTOTYPES = YES;
				CLANG_WARN_SUSPICIOUS_MOVE = YES;
				CLANG_WARN_UNGUARDED_AVAILABILITY = YES_AGGRESSIVE;
				CLANG_WARN_UNREACHABLE_CODE = YES;
				CLANG_WARN__DUPLICATE_METHOD_MATCH = YES;
				COPY_PHASE_STRIP = NO;
				DEBUG_INFORMATION_FORMAT = "dwarf-with-dsym";
				ENABLE_NS_ASSERTIONS = NO;
				ENABLE_STRICT_OBJC_MSGSEND = YES;
				GCC_C_LANGUAGE_STANDARD = gnu11;
				GCC_NO_COMMON_BLOCKS = YES;
				GCC_WARN_64_TO_32_BIT_CONVERSION = YES;
				GCC_WARN_ABOUT_RETURN_TYPE = YES_ERROR;
				GCC_WARN_UNDECLARED_SELECTOR = YES;
				GCC_WARN_UNINITIALIZED_AUTOS = YES_AGGRESSIVE;
				GCC_WARN_UNUSED_FUNCTION = YES;
				GCC_WARN_UNUSED_VARIABLE = YES;
				IPHONEOS_DEPLOYMENT_TARGET = 15.0;
				MTL_ENABLE_DEBUG_INFO = NO;
				MTL_FAST_MATH = YES;
				SDKROOT = iphoneos;
				SWIFT_COMPILATION_MODE = wholemodule;
				SWIFT_OPTIMIZATION_LEVEL = "-O";
				VALIDATE_PRODUCT = YES;
			};
			name = Release;
		};
		63E8F47C2758E29B00FBAC41 /* Debug */ = {
			isa = XCBuildConfiguration;
			baseConfigurationReference = C766268873D759E5AABC8777 /* Pods-Who Sings.debug.xcconfig */;
			buildSettings = {
				ASSETCATALOG_COMPILER_APPICON_NAME = AppIcon;
				ASSETCATALOG_COMPILER_GLOBAL_ACCENT_COLOR_NAME = AccentColor;
				CODE_SIGN_STYLE = Automatic;
				CURRENT_PROJECT_VERSION = 1;
				DEVELOPMENT_TEAM = 7R63H8943D;
				GENERATE_INFOPLIST_FILE = YES;
				INFOPLIST_FILE = "Who Sings/Info.plist";
				INFOPLIST_KEY_UIApplicationSupportsIndirectInputEvents = YES;
				INFOPLIST_KEY_UILaunchStoryboardName = LaunchScreen;
				INFOPLIST_KEY_UIMainStoryboardFile = Main;
				INFOPLIST_KEY_UISupportedInterfaceOrientations_iPad = "UIInterfaceOrientationPortrait UIInterfaceOrientationPortraitUpsideDown UIInterfaceOrientationLandscapeLeft UIInterfaceOrientationLandscapeRight";
				INFOPLIST_KEY_UISupportedInterfaceOrientations_iPhone = "UIInterfaceOrientationPortrait UIInterfaceOrientationLandscapeLeft UIInterfaceOrientationLandscapeRight";
				IPHONEOS_DEPLOYMENT_TARGET = 13.0;
				LD_RUNPATH_SEARCH_PATHS = (
					"$(inherited)",
					"@executable_path/Frameworks",
				);
				MARKETING_VERSION = 1.0;
				PRODUCT_BUNDLE_IDENTIFIER = "fpiccoli.Who-Sings";
				PRODUCT_NAME = "$(TARGET_NAME)";
				SWIFT_EMIT_LOC_STRINGS = YES;
				SWIFT_VERSION = 5.0;
				TARGETED_DEVICE_FAMILY = "1,2";
			};
			name = Debug;
		};
		63E8F47D2758E29B00FBAC41 /* Release */ = {
			isa = XCBuildConfiguration;
			baseConfigurationReference = 6EB0030606BF1F7826C926A8 /* Pods-Who Sings.release.xcconfig */;
			buildSettings = {
				ASSETCATALOG_COMPILER_APPICON_NAME = AppIcon;
				ASSETCATALOG_COMPILER_GLOBAL_ACCENT_COLOR_NAME = AccentColor;
				CODE_SIGN_STYLE = Automatic;
				CURRENT_PROJECT_VERSION = 1;
				DEVELOPMENT_TEAM = 7R63H8943D;
				GENERATE_INFOPLIST_FILE = YES;
				INFOPLIST_FILE = "Who Sings/Info.plist";
				INFOPLIST_KEY_UIApplicationSupportsIndirectInputEvents = YES;
				INFOPLIST_KEY_UILaunchStoryboardName = LaunchScreen;
				INFOPLIST_KEY_UIMainStoryboardFile = Main;
				INFOPLIST_KEY_UISupportedInterfaceOrientations_iPad = "UIInterfaceOrientationPortrait UIInterfaceOrientationPortraitUpsideDown UIInterfaceOrientationLandscapeLeft UIInterfaceOrientationLandscapeRight";
				INFOPLIST_KEY_UISupportedInterfaceOrientations_iPhone = "UIInterfaceOrientationPortrait UIInterfaceOrientationLandscapeLeft UIInterfaceOrientationLandscapeRight";
				IPHONEOS_DEPLOYMENT_TARGET = 13.0;
				LD_RUNPATH_SEARCH_PATHS = (
					"$(inherited)",
					"@executable_path/Frameworks",
				);
				MARKETING_VERSION = 1.0;
				PRODUCT_BUNDLE_IDENTIFIER = "fpiccoli.Who-Sings";
				PRODUCT_NAME = "$(TARGET_NAME)";
				SWIFT_EMIT_LOC_STRINGS = YES;
				SWIFT_VERSION = 5.0;
				TARGETED_DEVICE_FAMILY = "1,2";
			};
			name = Release;
		};
		63E8F47F2758E29B00FBAC41 /* Debug */ = {
			isa = XCBuildConfiguration;
			baseConfigurationReference = 6532205172E685A81C71274A /* Pods-Who SingsTests.debug.xcconfig */;
			buildSettings = {
				ALWAYS_EMBED_SWIFT_STANDARD_LIBRARIES = YES;
				BUNDLE_LOADER = "$(TEST_HOST)";
				CODE_SIGN_STYLE = Automatic;
				CURRENT_PROJECT_VERSION = 1;
				DEVELOPMENT_TEAM = 7R63H8943D;
				GENERATE_INFOPLIST_FILE = YES;
				IPHONEOS_DEPLOYMENT_TARGET = 15.0;
				LD_RUNPATH_SEARCH_PATHS = (
					"$(inherited)",
					"@executable_path/Frameworks",
					"@loader_path/Frameworks",
				);
				MARKETING_VERSION = 1.0;
				PRODUCT_BUNDLE_IDENTIFIER = "fpiccoli.Who-SingsTests";
				PRODUCT_NAME = "$(TARGET_NAME)";
				SWIFT_EMIT_LOC_STRINGS = NO;
				SWIFT_VERSION = 5.0;
				TARGETED_DEVICE_FAMILY = "1,2";
				TEST_HOST = "$(BUILT_PRODUCTS_DIR)/Who Sings.app/Who Sings";
			};
			name = Debug;
		};
		63E8F4802758E29B00FBAC41 /* Release */ = {
			isa = XCBuildConfiguration;
			baseConfigurationReference = 483025E48A553E851AE49141 /* Pods-Who SingsTests.release.xcconfig */;
			buildSettings = {
				ALWAYS_EMBED_SWIFT_STANDARD_LIBRARIES = YES;
				BUNDLE_LOADER = "$(TEST_HOST)";
				CODE_SIGN_STYLE = Automatic;
				CURRENT_PROJECT_VERSION = 1;
				DEVELOPMENT_TEAM = 7R63H8943D;
				GENERATE_INFOPLIST_FILE = YES;
				IPHONEOS_DEPLOYMENT_TARGET = 15.0;
				LD_RUNPATH_SEARCH_PATHS = (
					"$(inherited)",
					"@executable_path/Frameworks",
					"@loader_path/Frameworks",
				);
				MARKETING_VERSION = 1.0;
				PRODUCT_BUNDLE_IDENTIFIER = "fpiccoli.Who-SingsTests";
				PRODUCT_NAME = "$(TARGET_NAME)";
				SWIFT_EMIT_LOC_STRINGS = NO;
				SWIFT_VERSION = 5.0;
				TARGETED_DEVICE_FAMILY = "1,2";
				TEST_HOST = "$(BUILT_PRODUCTS_DIR)/Who Sings.app/Who Sings";
			};
			name = Release;
		};
		63E8F4822758E29B00FBAC41 /* Debug */ = {
			isa = XCBuildConfiguration;
			baseConfigurationReference = FE9230B48BCEBEAB8CAB1D75 /* Pods-Who Sings-Who SingsUITests.debug.xcconfig */;
			buildSettings = {
				ALWAYS_EMBED_SWIFT_STANDARD_LIBRARIES = YES;
				CODE_SIGN_STYLE = Automatic;
				CURRENT_PROJECT_VERSION = 1;
				DEVELOPMENT_TEAM = 7R63H8943D;
				GENERATE_INFOPLIST_FILE = YES;
				LD_RUNPATH_SEARCH_PATHS = (
					"$(inherited)",
					"@executable_path/Frameworks",
					"@loader_path/Frameworks",
				);
				MARKETING_VERSION = 1.0;
				PRODUCT_BUNDLE_IDENTIFIER = "fpiccoli.Who-SingsUITests";
				PRODUCT_NAME = "$(TARGET_NAME)";
				SWIFT_EMIT_LOC_STRINGS = NO;
				SWIFT_VERSION = 5.0;
				TARGETED_DEVICE_FAMILY = "1,2";
				TEST_TARGET_NAME = "Who Sings";
			};
			name = Debug;
		};
		63E8F4832758E29B00FBAC41 /* Release */ = {
			isa = XCBuildConfiguration;
			baseConfigurationReference = D69832A28F188A6059CB46C3 /* Pods-Who Sings-Who SingsUITests.release.xcconfig */;
			buildSettings = {
				ALWAYS_EMBED_SWIFT_STANDARD_LIBRARIES = YES;
				CODE_SIGN_STYLE = Automatic;
				CURRENT_PROJECT_VERSION = 1;
				DEVELOPMENT_TEAM = 7R63H8943D;
				GENERATE_INFOPLIST_FILE = YES;
				LD_RUNPATH_SEARCH_PATHS = (
					"$(inherited)",
					"@executable_path/Frameworks",
					"@loader_path/Frameworks",
				);
				MARKETING_VERSION = 1.0;
				PRODUCT_BUNDLE_IDENTIFIER = "fpiccoli.Who-SingsUITests";
				PRODUCT_NAME = "$(TARGET_NAME)";
				SWIFT_EMIT_LOC_STRINGS = NO;
				SWIFT_VERSION = 5.0;
				TARGETED_DEVICE_FAMILY = "1,2";
				TEST_TARGET_NAME = "Who Sings";
			};
			name = Release;
		};
/* End XCBuildConfiguration section */

/* Begin XCConfigurationList section */
		63E8F44C2758E29A00FBAC41 /* Build configuration list for PBXProject "Who Sings" */ = {
			isa = XCConfigurationList;
			buildConfigurations = (
				63E8F4792758E29B00FBAC41 /* Debug */,
				63E8F47A2758E29B00FBAC41 /* Release */,
			);
			defaultConfigurationIsVisible = 0;
			defaultConfigurationName = Release;
		};
		63E8F47B2758E29B00FBAC41 /* Build configuration list for PBXNativeTarget "Who Sings" */ = {
			isa = XCConfigurationList;
			buildConfigurations = (
				63E8F47C2758E29B00FBAC41 /* Debug */,
				63E8F47D2758E29B00FBAC41 /* Release */,
			);
			defaultConfigurationIsVisible = 0;
			defaultConfigurationName = Release;
		};
		63E8F47E2758E29B00FBAC41 /* Build configuration list for PBXNativeTarget "Who SingsTests" */ = {
			isa = XCConfigurationList;
			buildConfigurations = (
				63E8F47F2758E29B00FBAC41 /* Debug */,
				63E8F4802758E29B00FBAC41 /* Release */,
			);
			defaultConfigurationIsVisible = 0;
			defaultConfigurationName = Release;
		};
		63E8F4812758E29B00FBAC41 /* Build configuration list for PBXNativeTarget "Who SingsUITests" */ = {
			isa = XCConfigurationList;
			buildConfigurations = (
				63E8F4822758E29B00FBAC41 /* Debug */,
				63E8F4832758E29B00FBAC41 /* Release */,
			);
			defaultConfigurationIsVisible = 0;
			defaultConfigurationName = Release;
		};
/* End XCConfigurationList section */
	};
	rootObject = 63E8F4492758E29A00FBAC41 /* Project object */;
}
